
Microsoft Visual Studio Solution File, Format Version 12.00
# Visual Studio Version 16
VisualStudioVersion = 16.0.31424.327
MinimumVisualStudioVersion = 10.0.40219.1
Project("{FAE04EC0-301F-11D3-BF4B-00C04F79EFBC}") = "HotelSystem", "HotelSystem\HotelSystem.csproj", "{71D1697B-8CA3-4F94-98AE-9799E62EFB3C}"
EndProject
Project("{FAE04EC0-301F-11D3-BF4B-00C04F79EFBC}") = "HotelSystem.DataLayer", "HotelSystem.DataLayer\HotelSystem.DataLayer.csproj", "{DE79D60E-6AAE-46E0-919B-D91590BE8454}"
EndProject
Global
	GlobalSection(SolutionConfigurationPlatforms) = preSolution
		Debug|Any CPU = Debug|Any CPU
		Release|Any CPU = Release|Any CPU
	EndGlobalSection
	GlobalSection(ProjectConfigurationPlatforms) = postSolution
		{71D1697B-8CA3-4F94-98AE-9799E62EFB3C}.Debug|Any CPU.ActiveCfg = Debug|Any CPU
		{71D1697B-8CA3-4F94-98AE-9799E62EFB3C}.Debug|Any CPU.Build.0 = Debug|Any CPU
		{71D1697B-8CA3-4F94-98AE-9799E62EFB3C}.Release|Any CPU.ActiveCfg = Release|Any CPU
		{71D1697B-8CA3-4F94-98AE-9799E62EFB3C}.Release|Any CPU.Build.0 = Release|Any CPU
		{DE79D60E-6AAE-46E0-919B-D91590BE8454}.Debug|Any CPU.ActiveCfg = Debug|Any CPU
		{DE79D60E-6AAE-46E0-919B-D91590BE8454}.Debug|Any CPU.Build.0 = Debug|Any CPU
		{DE79D60E-6AAE-46E0-919B-D91590BE8454}.Release|Any CPU.ActiveCfg = Release|Any CPU
		{DE79D60E-6AAE-46E0-919B-D91590BE8454}.Release|Any CPU.Build.0 = Release|Any CPU
	EndGlobalSection
	GlobalSection(SolutionProperties) = preSolution
		HideSolutionNode = FALSE
	EndGlobalSection
	GlobalSection(ExtensibilityGlobals) = postSolution
		SolutionGuid = {D15C877C-D1F0-4CD4-96E2-3510E8F050F6}
	EndGlobalSection
EndGlobal
